github.com/cactus/go-statsd-client/v5 v5.0.0 h1:KqvIQtc9qt34uq+nu4nd1PwingWfBt/IISgtUQ2nSJk=
github.com/cactus/go-statsd-client/v5 v5.0.0/go.mod h1:COEvJ1E+/E2L4q6QE5CkjWPi4eeDw9maJBMIuMPBZbY=
github.com/jessevdk/go-flags v1.4.0/go.mod h1:4FA24M0QyGHXBuZZK/XkWh8h0e1EYbRYJSGM75WSRxI=
github.com/joeycumines/statsd v1.2.0 h1:VsP4rWYVebdSd3xZrxfX4B9kQ+EPK6PWUbDyXUl2vKU=
github.com/joeycumines/statsd v1.2.0/go.mod h1:SLKAkQ5CgPBRFFIv3JAjQjBWEOmJJxHn33bwAnFFVMU=
github.com/peterbourgon/g2s v0.0.0-20170223122336-d4e7ad98afea h1:sKwxy1H95npauwu8vtF95vG/syrL0p8fSZo/XlDg5gk=
github.com/peterbourgon/g2s v0.0.0-20170223122336-d4e7ad98afea/go.mod h1:1VcHEd3ro4QMoHfiNl/j7Jkln9+KQuorp0PItHMJYNg=
github.com/quipo/statsd v0.0.0-20180118161217-3d6a5565f314 h1:86XpVGN4oVnVheHik6ioWg+1fOnWu1GgyNzV6cr2ifs=
github.com/quipo/statsd v0.0.0-20180118161217-3d6a5565f314/go.mod h1:1COUodqytMiv/GkAVUGhc0CA6e8xak5U4551TY7iEe0=
github.com/smira/go-statsd v1.3.2 h1:1EeuzxNZ/TD9apbTOFSM9nulqfcsQFmT4u1A2DREabI=
github.com/smira/go-statsd v1.3.2/go.mod h1:1srXJ9/pbnN04G8f4F1jUzsGOnwkPKXciyqpewGlkC4=
gopkg.in/alexcesaro/statsd.v2 v2.0.0 h1:FXkZSCZIH17vLCO5sO2UucTHsH9pc+17F6pl3JVCwMc=
gopkg.in/alexcesaro/statsd.v2 v2.0.0/go.mod h1:i0ubccKGzBVNBpdGV5MocxyA/XlLUJzA7SLonnE4drU=
